
Microsoft Visual Studio Solution File, Format Version 12.00
Project("{FAE04EC0-301F-11D3-BF4B-00C04F79EFBC}") = "ChatfuelAPI-csharp", "ChatfuelAPI-csharp\ChatfuelAPI-csharp.csproj", "{3E35AF66-480C-4B22-8F8A-07E9D48F923D}"
EndProject
Global
	GlobalSection(SolutionConfigurationPlatforms) = preSolution
		Debug|Any CPU = Debug|Any CPU
		Release|Any CPU = Release|Any CPU
	EndGlobalSection
	GlobalSection(ProjectConfigurationPlatforms) = postSolution
		{3E35AF66-480C-4B22-8F8A-07E9D48F923D}.Debug|Any CPU.ActiveCfg = Debug|Any CPU
		{3E35AF66-480C-4B22-8F8A-07E9D48F923D}.Debug|Any CPU.Build.0 = Debug|Any CPU
		{3E35AF66-480C-4B22-8F8A-07E9D48F923D}.Release|Any CPU.ActiveCfg = Release|Any CPU
		{3E35AF66-480C-4B22-8F8A-07E9D48F923D}.Release|Any CPU.Build.0 = Release|Any CPU
	EndGlobalSection
EndGlobal
